
Microsoft Visual Studio Solution File, Format Version 12.00
# Visual Studio Version 17
VisualStudioVersion = 17.0.31903.59
MinimumVisualStudioVersion = 10.0.40219.1
Project("{F184B08F-C81C-45F6-A57F-5ABD9991F28F}") = "DesafioVB.UI", "DesafioVB.UI\DesafioVB.UI.vbproj", "{C068D96D-5029-1B47-291E-12CE7000A8E0}"
	ProjectSection(ProjectDependencies) = postProject
		{2F7FF445-B11D-E7F5-57C0-08BBD8409BF2} = {2F7FF445-B11D-E7F5-57C0-08BBD8409BF2}
	EndProjectSection
EndProject
Project("{F184B08F-C81C-45F6-A57F-5ABD9991F28F}") = "DesafioVB.Entities", "DesafioVB.Entities\DesafioVB.Entities.vbproj", "{846E95C9-8BAC-73E0-C324-7132B3F62E96}"
EndProject
Project("{F184B08F-C81C-45F6-A57F-5ABD9991F28F}") = "DesafioVB.Data", "DesafioVB.Data\DesafioVB.Data.vbproj", "{2F7FF445-B11D-E7F5-57C0-08BBD8409BF2}"
EndProject
Project("{F184B08F-C81C-45F6-A57F-5ABD9991F28F}") = "DesafioVB.Business", "DesafioVB.Business\DesafioVB.Business.vbproj", "{6F0EA6A3-5F6C-4CFB-5074-8F037FCEFD61}"
EndProject
Project("{2150E333-8FDC-42A3-9474-1A3956D46DE8}") = "02-Services", "02-Services", "{37674219-2EC4-4954-9D7D-7FB2572207B5}"
EndProject
Project("{2150E333-8FDC-42A3-9474-1A3956D46DE8}") = "03-Domain", "03-Domain", "{1DE5E398-5187-44CD-953C-B25AEEBDBC54}"
EndProject
Project("{2150E333-8FDC-42A3-9474-1A3956D46DE8}") = "04-Infra", "04-Infra", "{9D21D92D-D858-40FA-8A0F-539546499214}"
EndProject
Project("{2150E333-8FDC-42A3-9474-1A3956D46DE8}") = "01-Apresentacao", "01-Apresentacao", "{9E2D88CA-940C-4F0C-B7D9-8C1E3A245A62}"
EndProject
Project("{2150E333-8FDC-42A3-9474-1A3956D46DE8}") = "05-Common", "05-Common", "{02EA681E-C7D8-13C7-8484-4AC65E1B71E8}"
EndProject
Project("{F184B08F-C81C-45F6-A57F-5ABD9991F28F}") = "DesafioVB.CossCutting", "DesafioVB.CossCutting\DesafioVB.CossCutting.vbproj", "{2674E459-C8BC-4643-829D-C77C5485C460}"
EndProject
Global
	GlobalSection(SolutionConfigurationPlatforms) = preSolution
		Debug|Any CPU = Debug|Any CPU
		Release|Any CPU = Release|Any CPU
	EndGlobalSection
	GlobalSection(ProjectConfigurationPlatforms) = postSolution
		{C068D96D-5029-1B47-291E-12CE7000A8E0}.Debug|Any CPU.ActiveCfg = Debug|Any CPU
		{C068D96D-5029-1B47-291E-12CE7000A8E0}.Debug|Any CPU.Build.0 = Debug|Any CPU
		{C068D96D-5029-1B47-291E-12CE7000A8E0}.Release|Any CPU.ActiveCfg = Release|Any CPU
		{C068D96D-5029-1B47-291E-12CE7000A8E0}.Release|Any CPU.Build.0 = Release|Any CPU
		{846E95C9-8BAC-73E0-C324-7132B3F62E96}.Debug|Any CPU.ActiveCfg = Debug|Any CPU
		{846E95C9-8BAC-73E0-C324-7132B3F62E96}.Debug|Any CPU.Build.0 = Debug|Any CPU
		{846E95C9-8BAC-73E0-C324-7132B3F62E96}.Release|Any CPU.ActiveCfg = Release|Any CPU
		{846E95C9-8BAC-73E0-C324-7132B3F62E96}.Release|Any CPU.Build.0 = Release|Any CPU
		{2F7FF445-B11D-E7F5-57C0-08BBD8409BF2}.Debug|Any CPU.ActiveCfg = Debug|Any CPU
		{2F7FF445-B11D-E7F5-57C0-08BBD8409BF2}.Debug|Any CPU.Build.0 = Debug|Any CPU
		{2F7FF445-B11D-E7F5-57C0-08BBD8409BF2}.Release|Any CPU.ActiveCfg = Release|Any CPU
		{2F7FF445-B11D-E7F5-57C0-08BBD8409BF2}.Release|Any CPU.Build.0 = Release|Any CPU
		{6F0EA6A3-5F6C-4CFB-5074-8F037FCEFD61}.Debug|Any CPU.ActiveCfg = Debug|Any CPU
		{6F0EA6A3-5F6C-4CFB-5074-8F037FCEFD61}.Debug|Any CPU.Build.0 = Debug|Any CPU
		{6F0EA6A3-5F6C-4CFB-5074-8F037FCEFD61}.Release|Any CPU.ActiveCfg = Release|Any CPU
		{6F0EA6A3-5F6C-4CFB-5074-8F037FCEFD61}.Release|Any CPU.Build.0 = Release|Any CPU
		{2674E459-C8BC-4643-829D-C77C5485C460}.Debug|Any CPU.ActiveCfg = Debug|Any CPU
		{2674E459-C8BC-4643-829D-C77C5485C460}.Debug|Any CPU.Build.0 = Debug|Any CPU
		{2674E459-C8BC-4643-829D-C77C5485C460}.Release|Any CPU.ActiveCfg = Release|Any CPU
		{2674E459-C8BC-4643-829D-C77C5485C460}.Release|Any CPU.Build.0 = Release|Any CPU
	EndGlobalSection
	GlobalSection(SolutionProperties) = preSolution
		HideSolutionNode = FALSE
	EndGlobalSection
	GlobalSection(NestedProjects) = preSolution
		{C068D96D-5029-1B47-291E-12CE7000A8E0} = {9E2D88CA-940C-4F0C-B7D9-8C1E3A245A62}
		{846E95C9-8BAC-73E0-C324-7132B3F62E96} = {1DE5E398-5187-44CD-953C-B25AEEBDBC54}
		{2F7FF445-B11D-E7F5-57C0-08BBD8409BF2} = {9D21D92D-D858-40FA-8A0F-539546499214}
		{6F0EA6A3-5F6C-4CFB-5074-8F037FCEFD61} = {37674219-2EC4-4954-9D7D-7FB2572207B5}
		{2674E459-C8BC-4643-829D-C77C5485C460} = {02EA681E-C7D8-13C7-8484-4AC65E1B71E8}
	EndGlobalSection
	GlobalSection(ExtensibilityGlobals) = postSolution
		SolutionGuid = {0F331E4C-0927-4DCB-83FB-37BC11D5E968}
	EndGlobalSection
EndGlobal
